
Microsoft Visual Studio Solution File, Format Version 12.00
# Visual Studio Version 16
VisualStudioVersion = 16.0.29911.84
MinimumVisualStudioVersion = 10.0.40219.1
Project("{FAE04EC0-301F-11D3-BF4B-00C04F79EFBC}") = "PokerApp", "PokerApp\PokerApp.csproj", "{480BA946-2A83-48D2-AA51-DB4926534AC3}"
EndProject
Global
	GlobalSection(SolutionConfigurationPlatforms) = preSolution
		Debug|Any CPU = Debug|Any CPU
		Release|Any CPU = Release|Any CPU
	EndGlobalSection
	GlobalSection(ProjectConfigurationPlatforms) = postSolution
		{480BA946-2A83-48D2-AA51-DB4926534AC3}.Debug|Any CPU.ActiveCfg = Debug|Any CPU
		{480BA946-2A83-48D2-AA51-DB4926534AC3}.Debug|Any CPU.Build.0 = Debug|Any CPU
		{480BA946-2A83-48D2-AA51-DB4926534AC3}.Release|Any CPU.ActiveCfg = Release|Any CPU
		{480BA946-2A83-48D2-AA51-DB4926534AC3}.Release|Any CPU.Build.0 = Release|Any CPU
	EndGlobalSection
	GlobalSection(SolutionProperties) = preSolution
		HideSolutionNode = FALSE
	EndGlobalSection
	GlobalSection(ExtensibilityGlobals) = postSolution
		SolutionGuid = {92BF2A17-59F4-4133-80DA-4C5DF5E7E7FD}
	EndGlobalSection
EndGlobal
